
Microsoft Visual Studio Solution File, Format Version 12.00
# Visual Studio Version 16
VisualStudioVersion = 16.0.28803.202
MinimumVisualStudioVersion = 10.0.40219.1
Project("{FAE04EC0-301F-11D3-BF4B-00C04F79EFBC}") = "TIC_TAC", "TIC_TAC\TIC_TAC.csproj", "{EABF69E7-0338-47A8-96E2-A44AE16F1985}"
EndProject
Global
	GlobalSection(SolutionConfigurationPlatforms) = preSolution
		Debug|Any CPU = Debug|Any CPU
		Release|Any CPU = Release|Any CPU
	EndGlobalSection
	GlobalSection(ProjectConfigurationPlatforms) = postSolution
		{EABF69E7-0338-47A8-96E2-A44AE16F1985}.Debug|Any CPU.ActiveCfg = Debug|Any CPU
		{EABF69E7-0338-47A8-96E2-A44AE16F1985}.Debug|Any CPU.Build.0 = Debug|Any CPU
		{EABF69E7-0338-47A8-96E2-A44AE16F1985}.Release|Any CPU.ActiveCfg = Release|Any CPU
		{EABF69E7-0338-47A8-96E2-A44AE16F1985}.Release|Any CPU.Build.0 = Release|Any CPU
	EndGlobalSection
	GlobalSection(SolutionProperties) = preSolution
		HideSolutionNode = FALSE
	EndGlobalSection
	GlobalSection(ExtensibilityGlobals) = postSolution
		SolutionGuid = {A86E0886-429B-470E-B442-F93706BCFEED}
	EndGlobalSection
EndGlobal
